{
  "version": 4,
  "terraform_version": "1.5.5",
  "serial": 90,
  "lineage": "b783d9f8-eb8a-510a-99f2-84d31b5e6c24",
  "outputs": {},
  "resources": [
    {
      "mode": "data",
      "type": "yandex_compute_image",
      "name": "ubuntu",
      "provider": "provider[\"registry.terraform.io/yandex-cloud/yandex\"]",
      "instances": [
        {
          "schema_version": 0,
          "attributes": {
            "created_at": "2024-11-25T10:59:53Z",
            "description": "ubuntu 20.04 lts",
            "family": "ubuntu-2004-lts",
            "folder_id": "standard-images",
            "hardware_generation": [
              {
                "generation2_features": [],
                "legacy_features": [
                  {
                    "pci_topology": "PCI_TOPOLOGY_V1"
                  }
                ]
              }
            ],
            "id": "fd8790f3mldktbkmf1ot",
            "image_id": "fd8790f3mldktbkmf1ot",
            "labels": {},
            "min_disk_size": 5,
            "name": "ubuntu-20-04-lts-v20241125",
            "os_type": "linux",
            "pooled": true,
            "product_ids": [
              "f2e6l1lchuevmj912b4d"
            ],
            "size": 4,
            "status": "ready"
          },
          "sensitive_attributes": []
        }
      ]
    },
    {
      "mode": "managed",
      "type": "yandex_compute_instance",
      "name": "bastion",
      "provider": "provider[\"registry.terraform.io/yandex-cloud/yandex\"]",
      "instances": [
        {
          "schema_version": 1,
          "attributes": {
            "allow_recreate": null,
            "allow_stopping_for_update": null,
            "boot_disk": [
              {
                "auto_delete": true,
                "device_name": "fhmteedcp4lo7cgquk9j",
                "disk_id": "fhmteedcp4lo7cgquk9j",
                "initialize_params": [
                  {
                    "block_size": 4096,
                    "description": "",
                    "image_id": "fd8790f3mldktbkmf1ot",
                    "name": "",
                    "size": 5,
                    "snapshot_id": "",
                    "type": "network-hdd"
                  }
                ],
                "mode": "READ_WRITE"
              }
            ],
            "created_at": "2024-11-28T18:32:17Z",
            "description": "",
            "filesystem": [],
            "folder_id": "b1ghogsb3rjondr2ektf",
            "fqdn": "bastion.ru-central1.internal",
            "gpu_cluster_id": "",
            "hardware_generation": [
              {
                "generation2_features": [],
                "legacy_features": [
                  {
                    "pci_topology": "PCI_TOPOLOGY_V1"
                  }
                ]
              }
            ],
            "hostname": "bastion",
            "id": "fhmh9le4ojl9p2i9tcq0",
            "labels": null,
            "local_disk": [],
            "maintenance_grace_period": "",
            "maintenance_policy": null,
            "metadata": {
              "ssh-keys": "ubuntu:ssh-rsa AAAAB3NzaC1yc2EAAAADAQABAAABAQDdMZmeNv0/Vm8AFI39D8dT1YCwFK4TxsOMYI2pfl01AcESUiNip4zvqztDqLSu1nDwzgsa5v6ryeHsZdJHcLzqcCuww0k0c/sb8/5P1hh8cSoEa3RFZRC7P+6ZSrRgksMaJfUzBMYdBDvBFUh4KeZ3LbVY4vWKkqPAh29WJmMlEzo/HbzXNUo9tRXNaRnLP59P5MXdR5SdZMj1voenGdxK023ZjZTvVY2PCamYq9tY1BHDyg9D9nChJEfIbJWbiBfRgFhy3ke35EuYpjW34rZW6HJbR+/QEDi2Lekh7bOjPq489Ha0NgIM23TcbCuAoIwYXlRpuBT3BDykmHm+XoE1 art@DESKTOP-4MLNIQC\n",
              "user-data": "#cloud-config\nwrite_files:\n  - path: /etc/sysctl.d/99-custom.conf\n    content: |\n      net.ipv4.ip_forward=1\nruncmd:\n  - sysctl --system\n  - iptables -t nat -A POSTROUTING -o eth0 -j MASQUERADE\n"
            },
            "metadata_options": [
              {
                "aws_v1_http_endpoint": 1,
                "aws_v1_http_token": 2,
                "gce_http_endpoint": 1,
                "gce_http_token": 1
              }
            ],
            "name": "bastion",
            "network_acceleration_type": "standard",
            "network_interface": [
              {
                "dns_record": [],
                "index": 0,
                "ip_address": "10.0.0.22",
                "ipv4": true,
                "ipv6": false,
                "ipv6_address": "",
                "ipv6_dns_record": [],
                "mac_address": "d0:0d:11:4d:5c:4c",
                "nat": true,
                "nat_dns_record": [],
                "nat_ip_address": "89.169.148.17",
                "nat_ip_version": "IPV4",
                "security_group_ids": [],
                "subnet_id": "e9bgnkvuiqj6kq2fk6t0"
              }
            ],
            "placement_policy": [
              {
                "host_affinity_rules": [],
                "placement_group_id": "",
                "placement_group_partition": 0
              }
            ],
            "platform_id": "standard-v1",
            "resources": [
              {
                "core_fraction": 20,
                "cores": 2,
                "gpus": 0,
                "memory": 2
              }
            ],
            "scheduling_policy": [
              {
                "preemptible": false
              }
            ],
            "secondary_disk": [],
            "service_account_id": "",
            "status": "running",
            "timeouts": null,
            "zone": "ru-central1-a"
          },
          "sensitive_attributes": [],
          "private": "eyJlMmJmYjczMC1lY2FhLTExZTYtOGY4OC0zNDM2M2JjN2M0YzAiOnsiY3JlYXRlIjozMDAwMDAwMDAwMDAsImRlbGV0ZSI6MzAwMDAwMDAwMDAwLCJ1cGRhdGUiOjMwMDAwMDAwMDAwMH0sInNjaGVtYV92ZXJzaW9uIjoiMSJ9",
          "dependencies": [
            "data.yandex_compute_image.ubuntu",
            "yandex_vpc_subnet.public"
          ]
        }
      ]
    },
    {
      "mode": "managed",
      "type": "yandex_compute_instance",
      "name": "web_server",
      "provider": "provider[\"registry.terraform.io/yandex-cloud/yandex\"]",
      "instances": [
        {
          "index_key": 0,
          "schema_version": 1,
          "attributes": {
            "allow_recreate": null,
            "allow_stopping_for_update": null,
            "boot_disk": [
              {
                "auto_delete": true,
                "device_name": "fhmiuvcj89j2pmlj7ocp",
                "disk_id": "fhmiuvcj89j2pmlj7ocp",
                "initialize_params": [
                  {
                    "block_size": 4096,
                    "description": "",
                    "image_id": "fd8790f3mldktbkmf1ot",
                    "name": "",
                    "size": 5,
                    "snapshot_id": "",
                    "type": "network-hdd"
                  }
                ],
                "mode": "READ_WRITE"
              }
            ],
            "created_at": "2024-11-28T18:32:19Z",
            "description": "",
            "filesystem": [],
            "folder_id": "b1ghogsb3rjondr2ektf",
            "fqdn": "web-server-0.ru-central1.internal",
            "gpu_cluster_id": "",
            "hardware_generation": [
              {
                "generation2_features": [],
                "legacy_features": [
                  {
                    "pci_topology": "PCI_TOPOLOGY_V1"
                  }
                ]
              }
            ],
            "hostname": "web-server-0",
            "id": "fhm9iqkucimbr3h5bqlg",
            "labels": null,
            "local_disk": [],
            "maintenance_grace_period": "",
            "maintenance_policy": null,
            "metadata": {
              "ssh-keys": "ubuntu:ssh-rsa AAAAB3NzaC1yc2EAAAADAQABAAABAQDdMZmeNv0/Vm8AFI39D8dT1YCwFK4TxsOMYI2pfl01AcESUiNip4zvqztDqLSu1nDwzgsa5v6ryeHsZdJHcLzqcCuww0k0c/sb8/5P1hh8cSoEa3RFZRC7P+6ZSrRgksMaJfUzBMYdBDvBFUh4KeZ3LbVY4vWKkqPAh29WJmMlEzo/HbzXNUo9tRXNaRnLP59P5MXdR5SdZMj1voenGdxK023ZjZTvVY2PCamYq9tY1BHDyg9D9nChJEfIbJWbiBfRgFhy3ke35EuYpjW34rZW6HJbR+/QEDi2Lekh7bOjPq489Ha0NgIM23TcbCuAoIwYXlRpuBT3BDykmHm+XoE1 art@DESKTOP-4MLNIQC\n",
              "user-data": "#cloud-config\nhostname: web-server-0\nfqdn: web-server-0.ru-central1.internal\n"
            },
            "metadata_options": [
              {
                "aws_v1_http_endpoint": 1,
                "aws_v1_http_token": 2,
                "gce_http_endpoint": 1,
                "gce_http_token": 1
              }
            ],
            "name": "web-server-0",
            "network_acceleration_type": "standard",
            "network_interface": [
              {
                "dns_record": [],
                "index": 0,
                "ip_address": "10.0.1.25",
                "ipv4": true,
                "ipv6": false,
                "ipv6_address": "",
                "ipv6_dns_record": [],
                "mac_address": "d0:0d:99:6a:9e:64",
                "nat": false,
                "nat_dns_record": [],
                "nat_ip_address": "",
                "nat_ip_version": "",
                "security_group_ids": [],
                "subnet_id": "e9bsuf7amgirp2c46ar6"
              }
            ],
            "placement_policy": [
              {
                "host_affinity_rules": [],
                "placement_group_id": "",
                "placement_group_partition": 0
              }
            ],
            "platform_id": "standard-v1",
            "resources": [
              {
                "core_fraction": 100,
                "cores": 2,
                "gpus": 0,
                "memory": 2
              }
            ],
            "scheduling_policy": [
              {
                "preemptible": false
              }
            ],
            "secondary_disk": [],
            "service_account_id": "",
            "status": "running",
            "timeouts": null,
            "zone": "ru-central1-a"
          },
          "sensitive_attributes": [],
          "private": "eyJlMmJmYjczMC1lY2FhLTExZTYtOGY4OC0zNDM2M2JjN2M0YzAiOnsiY3JlYXRlIjozMDAwMDAwMDAwMDAsImRlbGV0ZSI6MzAwMDAwMDAwMDAwLCJ1cGRhdGUiOjMwMDAwMDAwMDAwMH0sInNjaGVtYV92ZXJzaW9uIjoiMSJ9",
          "dependencies": [
            "data.yandex_compute_image.ubuntu",
            "yandex_vpc_network.default",
            "yandex_vpc_route_table.private_rt",
            "yandex_vpc_subnet.private"
          ]
        },
        {
          "index_key": 1,
          "schema_version": 1,
          "attributes": {
            "allow_recreate": null,
            "allow_stopping_for_update": null,
            "boot_disk": [
              {
                "auto_delete": true,
                "device_name": "epdu4l6g7u5edfldq7hp",
                "disk_id": "epdu4l6g7u5edfldq7hp",
                "initialize_params": [
                  {
                    "block_size": 4096,
                    "description": "",
                    "image_id": "fd8790f3mldktbkmf1ot",
                    "name": "",
                    "size": 5,
                    "snapshot_id": "",
                    "type": "network-hdd"
                  }
                ],
                "mode": "READ_WRITE"
              }
            ],
            "created_at": "2024-11-28T18:32:19Z",
            "description": "",
            "filesystem": [],
            "folder_id": "b1ghogsb3rjondr2ektf",
            "fqdn": "web-server-1.ru-central1.internal",
            "gpu_cluster_id": "",
            "hardware_generation": [
              {
                "generation2_features": [],
                "legacy_features": [
                  {
                    "pci_topology": "PCI_TOPOLOGY_V1"
                  }
                ]
              }
            ],
            "hostname": "web-server-1",
            "id": "epdq7n3njt3tfc3bd89a",
            "labels": null,
            "local_disk": [],
            "maintenance_grace_period": "",
            "maintenance_policy": null,
            "metadata": {
              "ssh-keys": "ubuntu:ssh-rsa AAAAB3NzaC1yc2EAAAADAQABAAABAQDdMZmeNv0/Vm8AFI39D8dT1YCwFK4TxsOMYI2pfl01AcESUiNip4zvqztDqLSu1nDwzgsa5v6ryeHsZdJHcLzqcCuww0k0c/sb8/5P1hh8cSoEa3RFZRC7P+6ZSrRgksMaJfUzBMYdBDvBFUh4KeZ3LbVY4vWKkqPAh29WJmMlEzo/HbzXNUo9tRXNaRnLP59P5MXdR5SdZMj1voenGdxK023ZjZTvVY2PCamYq9tY1BHDyg9D9nChJEfIbJWbiBfRgFhy3ke35EuYpjW34rZW6HJbR+/QEDi2Lekh7bOjPq489Ha0NgIM23TcbCuAoIwYXlRpuBT3BDykmHm+XoE1 art@DESKTOP-4MLNIQC\n",
              "user-data": "#cloud-config\nhostname: web-server-1\nfqdn: web-server-1.ru-central1.internal\n"
            },
            "metadata_options": [
              {
                "aws_v1_http_endpoint": 1,
                "aws_v1_http_token": 2,
                "gce_http_endpoint": 1,
                "gce_http_token": 1
              }
            ],
            "name": "web-server-1",
            "network_acceleration_type": "standard",
            "network_interface": [
              {
                "dns_record": [],
                "index": 0,
                "ip_address": "10.0.2.21",
                "ipv4": true,
                "ipv6": false,
                "ipv6_address": "",
                "ipv6_dns_record": [],
                "mac_address": "d0:0d:1a:3d:c7:79",
                "nat": false,
                "nat_dns_record": [],
                "nat_ip_address": "",
                "nat_ip_version": "",
                "security_group_ids": [],
                "subnet_id": "e2lcps3gi8h2u60cgj5j"
              }
            ],
            "placement_policy": [
              {
                "host_affinity_rules": [],
                "placement_group_id": "",
                "placement_group_partition": 0
              }
            ],
            "platform_id": "standard-v1",
            "resources": [
              {
                "core_fraction": 100,
                "cores": 2,
                "gpus": 0,
                "memory": 2
              }
            ],
            "scheduling_policy": [
              {
                "preemptible": false
              }
            ],
            "secondary_disk": [],
            "service_account_id": "",
            "status": "running",
            "timeouts": null,
            "zone": "ru-central1-b"
          },
          "sensitive_attributes": [],
          "private": "eyJlMmJmYjczMC1lY2FhLTExZTYtOGY4OC0zNDM2M2JjN2M0YzAiOnsiY3JlYXRlIjozMDAwMDAwMDAwMDAsImRlbGV0ZSI6MzAwMDAwMDAwMDAwLCJ1cGRhdGUiOjMwMDAwMDAwMDAwMH0sInNjaGVtYV92ZXJzaW9uIjoiMSJ9",
          "dependencies": [
            "data.yandex_compute_image.ubuntu",
            "yandex_vpc_network.default",
            "yandex_vpc_route_table.private_rt",
            "yandex_vpc_subnet.private"
          ]
        }
      ]
    },
    {
      "mode": "managed",
      "type": "yandex_vpc_gateway",
      "name": "nat_gateway",
      "provider": "provider[\"registry.terraform.io/yandex-cloud/yandex\"]",
      "instances": [
        {
          "schema_version": 0,
          "attributes": {
            "created_at": "2024-11-19T16:24:10Z",
            "description": "",
            "folder_id": "b1ghogsb3rjondr2ektf",
            "id": "enpkq1806hs3um8p9ebl",
            "labels": {},
            "name": "nat-gateway",
            "shared_egress_gateway": [
              {}
            ],
            "timeouts": null
          },
          "sensitive_attributes": [],
          "private": "eyJlMmJmYjczMC1lY2FhLTExZTYtOGY4OC0zNDM2M2JjN2M0YzAiOnsiY3JlYXRlIjo2MDAwMDAwMDAwMCwiZGVsZXRlIjo2MDAwMDAwMDAwMCwidXBkYXRlIjo2MDAwMDAwMDAwMH19"
        }
      ]
    },
    {
      "mode": "managed",
      "type": "yandex_vpc_network",
      "name": "default",
      "provider": "provider[\"registry.terraform.io/yandex-cloud/yandex\"]",
      "instances": [
        {
          "schema_version": 0,
          "attributes": {
            "created_at": "2024-11-05T17:14:49Z",
            "default_security_group_id": "enp0p0muil7pasd08uis",
            "description": "",
            "folder_id": "b1ghogsb3rjondr2ektf",
            "id": "enpb4kqk0njoo86jlpt5",
            "labels": {},
            "name": "my-vpc-network",
            "subnet_ids": [
              "e9bgnkvuiqj6kq2fk6t0",
              "e9bsuf7amgirp2c46ar6"
            ],
            "timeouts": null
          },
          "sensitive_attributes": [],
          "private": "eyJlMmJmYjczMC1lY2FhLTExZTYtOGY4OC0zNDM2M2JjN2M0YzAiOnsiY3JlYXRlIjo2MDAwMDAwMDAwMCwiZGVsZXRlIjo2MDAwMDAwMDAwMCwidXBkYXRlIjo2MDAwMDAwMDAwMH19"
        }
      ]
    },
    {
      "mode": "managed",
      "type": "yandex_vpc_route_table",
      "name": "private_rt",
      "provider": "provider[\"registry.terraform.io/yandex-cloud/yandex\"]",
      "instances": [
        {
          "schema_version": 0,
          "attributes": {
            "created_at": "2024-11-19T16:24:11Z",
            "description": "",
            "folder_id": "b1ghogsb3rjondr2ektf",
            "id": "enpui4atthp0b8nbdm6p",
            "labels": {},
            "name": "private-route-table",
            "network_id": "enpb4kqk0njoo86jlpt5",
            "static_route": [
              {
                "destination_prefix": "0.0.0.0/0",
                "gateway_id": "enpkq1806hs3um8p9ebl",
                "next_hop_address": ""
              }
            ],
            "timeouts": null
          },
          "sensitive_attributes": [],
          "private": "eyJlMmJmYjczMC1lY2FhLTExZTYtOGY4OC0zNDM2M2JjN2M0YzAiOnsiY3JlYXRlIjoxODAwMDAwMDAwMDAsImRlbGV0ZSI6MTgwMDAwMDAwMDAwLCJ1cGRhdGUiOjE4MDAwMDAwMDAwMH19",
          "dependencies": [
            "yandex_vpc_gateway.nat_gateway",
            "yandex_vpc_network.default"
          ]
        }
      ]
    },
    {
      "mode": "managed",
      "type": "yandex_vpc_subnet",
      "name": "private",
      "provider": "provider[\"registry.terraform.io/yandex-cloud/yandex\"]",
      "instances": [
        {
          "index_key": 0,
          "schema_version": 0,
          "attributes": {
            "created_at": "2024-11-05T17:14:52Z",
            "description": "",
            "dhcp_options": [],
            "folder_id": "b1ghogsb3rjondr2ektf",
            "id": "e9bsuf7amgirp2c46ar6",
            "labels": {},
            "name": "private-subnet-0",
            "network_id": "enpb4kqk0njoo86jlpt5",
            "route_table_id": "enpui4atthp0b8nbdm6p",
            "timeouts": null,
            "v4_cidr_blocks": [
              "10.0.1.0/24"
            ],
            "v6_cidr_blocks": [],
            "zone": "ru-central1-a"
          },
          "sensitive_attributes": [],
          "private": "eyJlMmJmYjczMC1lY2FhLTExZTYtOGY4OC0zNDM2M2JjN2M0YzAiOnsiY3JlYXRlIjoxODAwMDAwMDAwMDAsImRlbGV0ZSI6MTgwMDAwMDAwMDAwLCJ1cGRhdGUiOjE4MDAwMDAwMDAwMH19",
          "dependencies": [
            "yandex_vpc_network.default",
            "yandex_vpc_route_table.private_rt"
          ]
        },
        {
          "index_key": 1,
          "schema_version": 0,
          "attributes": {
            "created_at": "2024-11-28T18:32:14Z",
            "description": "",
            "dhcp_options": [],
            "folder_id": "b1ghogsb3rjondr2ektf",
            "id": "e2lcps3gi8h2u60cgj5j",
            "labels": {},
            "name": "private-subnet-1",
            "network_id": "enpb4kqk0njoo86jlpt5",
            "route_table_id": "enpui4atthp0b8nbdm6p",
            "timeouts": null,
            "v4_cidr_blocks": [
              "10.0.2.0/24"
            ],
            "v6_cidr_blocks": [],
            "zone": "ru-central1-b"
          },
          "sensitive_attributes": [],
          "private": "eyJlMmJmYjczMC1lY2FhLTExZTYtOGY4OC0zNDM2M2JjN2M0YzAiOnsiY3JlYXRlIjoxODAwMDAwMDAwMDAsImRlbGV0ZSI6MTgwMDAwMDAwMDAwLCJ1cGRhdGUiOjE4MDAwMDAwMDAwMH19",
          "dependencies": [
            "yandex_vpc_network.default",
            "yandex_vpc_route_table.private_rt"
          ]
        }
      ]
    },
    {
      "mode": "managed",
      "type": "yandex_vpc_subnet",
      "name": "public",
      "provider": "provider[\"registry.terraform.io/yandex-cloud/yandex\"]",
      "instances": [
        {
          "schema_version": 0,
          "attributes": {
            "created_at": "2024-11-05T17:14:53Z",
            "description": "",
            "dhcp_options": [],
            "folder_id": "b1ghogsb3rjondr2ektf",
            "id": "e9bgnkvuiqj6kq2fk6t0",
            "labels": {},
            "name": "public-subnet",
            "network_id": "enpb4kqk0njoo86jlpt5",
            "route_table_id": "",
            "timeouts": null,
            "v4_cidr_blocks": [
              "10.0.0.0/24"
            ],
            "v6_cidr_blocks": [],
            "zone": "ru-central1-a"
          },
          "sensitive_attributes": [],
          "private": "eyJlMmJmYjczMC1lY2FhLTExZTYtOGY4OC0zNDM2M2JjN2M0YzAiOnsiY3JlYXRlIjoxODAwMDAwMDAwMDAsImRlbGV0ZSI6MTgwMDAwMDAwMDAwLCJ1cGRhdGUiOjE4MDAwMDAwMDAwMH19",
          "dependencies": [
            "yandex_vpc_network.default"
          ]
        }
      ]
    }
  ],
  "check_results": null
}
